
Microsoft Visual Studio Solution File, Format Version 12.00
# Visual Studio Version 17
VisualStudioVersion = 17.8.34309.116
MinimumVisualStudioVersion = 10.0.40219.1
Project("{FAE04EC0-301F-11D3-BF4B-00C04F79EFBC}") = "CAlgoCodes", "CAlgoCodes\CAlgoCodes.csproj", "{98813E19-8057-46CA-A2A4-A78C5D96C6B5}"
EndProject
Global
	GlobalSection(SolutionConfigurationPlatforms) = preSolution
		Debug|Any CPU = Debug|Any CPU
		Release|Any CPU = Release|Any CPU
	EndGlobalSection
	GlobalSection(ProjectConfigurationPlatforms) = postSolution
		{98813E19-8057-46CA-A2A4-A78C5D96C6B5}.Debug|Any CPU.ActiveCfg = Debug|Any CPU
		{98813E19-8057-46CA-A2A4-A78C5D96C6B5}.Debug|Any CPU.Build.0 = Debug|Any CPU
		{98813E19-8057-46CA-A2A4-A78C5D96C6B5}.Release|Any CPU.ActiveCfg = Release|Any CPU
		{98813E19-8057-46CA-A2A4-A78C5D96C6B5}.Release|Any CPU.Build.0 = Release|Any CPU
	EndGlobalSection
	GlobalSection(SolutionProperties) = preSolution
		HideSolutionNode = FALSE
	EndGlobalSection
	GlobalSection(ExtensibilityGlobals) = postSolution
		SolutionGuid = {3B2F426B-1608-4622-806F-816DA6318A04}
	EndGlobalSection
EndGlobal
